{
  "name": "budget",
  "version": "1.0.0",
  "lockfileVersion": 3,
  "requires": true,
  "packages": {
    "": {
      "name": "budget",
      "version": "1.0.0",
      "dependencies": {
        "better-sqlite3": "^13.0.3"
      }
    },
    "node_modules/better-sqlite3": {
      "version": "13.0.3",
      "resolved": "https://registry.npmjs.org/better-sqlite3/-/better-sqlite3-13.0.3.tgz",
      "integrity": "sha512-RbOBxmLBG8uvFUc15X9+9SFemKcQ0WBuISBVkpuiaUB2qblC8UWlHEjdWVoZ8AdhSwmoEgsiXKfopX0CQxaACQ==",
      "license": "MIT",
      "dependencies": {
        "node-addon-api": "^8.0.0"
      },
      "engines": {
        "node": ">=22"
      }
    },
    "node_modules/node-addon-api": {
      "version": "8.9.1",
      "resolved": "https://registry.npmjs.org/node-addon-api/-/node-addon-api-8.9.1.tgz",
      "integrity": "sha512-4eUQWVPCUUUiBjLnHS3cXWeC6ryoPUc0U3rP7IuzapoGbzMqd/r6KKO0clr0b+snQhsrueFEhCZDdK+LK7hxKg==",
      "license": "MIT",
      "engines": {
        "node": "^18 || ^20 || >= 21"
      }
    }
  }
}
